// !$*UTF8*$!
{
	archiveVersion = 1;
	classes = {
	};
	objectVersion = 50;
	objects = {

/* Begin PBXBuildFile section */
		88568584E0EE5EAE409C391F /* libPods-XPUB.a in Frameworks */ = {isa = PBXBuildFile; fileRef = 56022BECEA1C171CD97594F9 /* libPods-XPUB.a */; };
		D0756A55221D7F2E004EFD6E /* watermark.jpg in Resources */ = {isa = PBXBuildFile; fileRef = D0756A54221D7F2E004EFD6E /* watermark.jpg */; };
		D0756A57221D8578004EFD6E /* BC_Logo_.png in Resources */ = {isa = PBXBuildFile; fileRef = D0756A56221D8578004EFD6E /* BC_Logo_.png */; };
		D0756A59221D8D2D004EFD6E /* bWhite.png in Resources */ = {isa = PBXBuildFile; fileRef = D0756A58221D8D2D004EFD6E /* bWhite.png */; };
		D0756A5B221EEB4E004EFD6E /* whiteQR.png in Resources */ = {isa = PBXBuildFile; fileRef = D0756A5A221EEB4E004EFD6E /* whiteQR.png */; };
		D0756A5D221F95EA004EFD6E /* InfoViewController.swift in Sources */ = {isa = PBXBuildFile; fileRef = D0756A5C221F95EA004EFD6E /* InfoViewController.swift */; };
		D0976BF6221978B2009531DD /* AppDelegate.swift in Sources */ = {isa = PBXBuildFile; fileRef = D0976BF5221978B2009531DD /* AppDelegate.swift */; };
		D0976BF8221978B2009531DD /* ViewController.swift in Sources */ = {isa = PBXBuildFile; fileRef = D0976BF7221978B2009531DD /* ViewController.swift */; };
		D0976BFB221978B2009531DD /* Main.storyboard in Resources */ = {isa = PBXBuildFile; fileRef = D0976BF9221978B2009531DD /* Main.storyboard */; };
		D0976BFE221978B3009531DD /* XPUB.xcdatamodeld in Sources */ = {isa = PBXBuildFile; fileRef = D0976BFC221978B3009531DD /* XPUB.xcdatamodeld */; };
		D0976C00221978B5009531DD /* Assets.xcassets in Resources */ = {isa = PBXBuildFile; fileRef = D0976BFF221978B5009531DD /* Assets.xcassets */; };
		D0976C03221978B5009531DD /* LaunchScreen.storyboard in Resources */ = {isa = PBXBuildFile; fileRef = D0976C01221978B5009531DD /* LaunchScreen.storyboard */; };
		D0976C0D22197992009531DD /* ObjectiveCHeader.m in Sources */ = {isa = PBXBuildFile; fileRef = D0976C0C22197992009531DD /* ObjectiveCHeader.m */; };
		D0976C0F22197FAB009531DD /* QRCodeScannerViewController.swift in Sources */ = {isa = PBXBuildFile; fileRef = D0976C0E22197FAB009531DD /* QRCodeScannerViewController.swift */; };
		D0976C1122198767009531DD /* backButton.png in Resources */ = {isa = PBXBuildFile; fileRef = D0976C1022198767009531DD /* backButton.png */; };
		D0976C1422198C34009531DD /* AES256CBC.framework in Frameworks */ = {isa = PBXBuildFile; fileRef = D0976C1222198C34009531DD /* AES256CBC.framework */; };
		D0976C1522198C34009531DD /* SwiftKeychainWrapper.framework in Frameworks */ = {isa = PBXBuildFile; fileRef = D0976C1322198C34009531DD /* SwiftKeychainWrapper.framework */; };
		D0976C182219931C009531DD /* HomeScreenViewController.swift in Sources */ = {isa = PBXBuildFile; fileRef = D0976C172219931C009531DD /* HomeScreenViewController.swift */; };
/* End PBXBuildFile section */

/* Begin PBXFileReference section */
		20585EE636944868C85D1893 /* Pods-XPUB.debug.xcconfig */ = {isa = PBXFileReference; includeInIndex = 1; lastKnownFileType = text.xcconfig; name = "Pods-XPUB.debug.xcconfig"; path = "Pods/Target Support Files/Pods-XPUB/Pods-XPUB.debug.xcconfig"; sourceTree = "<group>"; };
		56022BECEA1C171CD97594F9 /* libPods-XPUB.a */ = {isa = PBXFileReference; explicitFileType = archive.ar; includeInIndex = 0; path = "libPods-XPUB.a"; sourceTree = BUILT_PRODUCTS_DIR; };
		D0756A54221D7F2E004EFD6E /* watermark.jpg */ = {isa = PBXFileReference; lastKnownFileType = image.jpeg; path = watermark.jpg; sourceTree = "<group>"; };
		D0756A56221D8578004EFD6E /* BC_Logo_.png */ = {isa = PBXFileReference; lastKnownFileType = image.png; path = BC_Logo_.png; sourceTree = "<group>"; };
		D0756A58221D8D2D004EFD6E /* bWhite.png */ = {isa = PBXFileReference; lastKnownFileType = image.png; path = bWhite.png; sourceTree = "<group>"; };
		D0756A5A221EEB4E004EFD6E /* whiteQR.png */ = {isa = PBXFileReference; lastKnownFileType = image.png; path = whiteQR.png; sourceTree = "<group>"; };
		D0756A5C221F95EA004EFD6E /* InfoViewController.swift */ = {isa = PBXFileReference; lastKnownFileType = sourcecode.swift; path = InfoViewController.swift; sourceTree = "<group>"; };
		D0976BF2221978B2009531DD /* XPUB.app */ = {isa = PBXFileReference; explicitFileType = wrapper.application; includeInIndex = 0; path = XPUB.app; sourceTree = BUILT_PRODUCTS_DIR; };
		D0976BF5221978B2009531DD /* AppDelegate.swift */ = {isa = PBXFileReference; lastKnownFileType = sourcecode.swift; path = AppDelegate.swift; sourceTree = "<group>"; };
		D0976BF7221978B2009531DD /* ViewController.swift */ = {isa = PBXFileReference; lastKnownFileType = sourcecode.swift; path = ViewController.swift; sourceTree = "<group>"; };
		D0976BFA221978B2009531DD /* Base */ = {isa = PBXFileReference; lastKnownFileType = file.storyboard; name = Base; path = Base.lproj/Main.storyboard; sourceTree = "<group>"; };
		D0976BFD221978B3009531DD /* XPUB.xcdatamodel */ = {isa = PBXFileReference; lastKnownFileType = wrapper.xcdatamodel; path = XPUB.xcdatamodel; sourceTree = "<group>"; };
		D0976BFF221978B5009531DD /* Assets.xcassets */ = {isa = PBXFileReference; lastKnownFileType = folder.assetcatalog; path = Assets.xcassets; sourceTree = "<group>"; };
		D0976C02221978B5009531DD /* Base */ = {isa = PBXFileReference; lastKnownFileType = file.storyboard; name = Base; path = Base.lproj/LaunchScreen.storyboard; sourceTree = "<group>"; };
		D0976C04221978B5009531DD /* Info.plist */ = {isa = PBXFileReference; lastKnownFileType = text.plist.xml; path = Info.plist; sourceTree = "<group>"; };
		D0976C0B22197992009531DD /* XPUB-Bridging-Header.h */ = {isa = PBXFileReference; lastKnownFileType = sourcecode.c.h; path = "XPUB-Bridging-Header.h"; sourceTree = "<group>"; };
		D0976C0C22197992009531DD /* ObjectiveCHeader.m */ = {isa = PBXFileReference; lastKnownFileType = sourcecode.c.objc; path = ObjectiveCHeader.m; sourceTree = "<group>"; };
		D0976C0E22197FAB009531DD /* QRCodeScannerViewController.swift */ = {isa = PBXFileReference; lastKnownFileType = sourcecode.swift; path = QRCodeScannerViewController.swift; sourceTree = "<group>"; };
		D0976C1022198767009531DD /* backButton.png */ = {isa = PBXFileReference; lastKnownFileType = image.png; path = backButton.png; sourceTree = "<group>"; };
		D0976C1222198C34009531DD /* AES256CBC.framework */ = {isa = PBXFileReference; lastKnownFileType = wrapper.framework; name = AES256CBC.framework; path = Carthage/Build/iOS/AES256CBC.framework; sourceTree = "<group>"; };
		D0976C1322198C34009531DD /* SwiftKeychainWrapper.framework */ = {isa = PBXFileReference; lastKnownFileType = wrapper.framework; name = SwiftKeychainWrapper.framework; path = Carthage/Build/iOS/SwiftKeychainWrapper.framework; sourceTree = "<group>"; };
		D0976C172219931C009531DD /* HomeScreenViewController.swift */ = {isa = PBXFileReference; lastKnownFileType = sourcecode.swift; path = HomeScreenViewController.swift; sourceTree = "<group>"; };
		E6290704FA5698E9EADB023F /* Pods-XPUB.release.xcconfig */ = {isa = PBXFileReference; includeInIndex = 1; lastKnownFileType = text.xcconfig; name = "Pods-XPUB.release.xcconfig"; path = "Pods/Target Support Files/Pods-XPUB/Pods-XPUB.release.xcconfig"; sourceTree = "<group>"; };
/* End PBXFileReference section */

/* Begin PBXFrameworksBuildPhase section */
		D0976BEF221978B2009531DD /* Frameworks */ = {
			isa = PBXFrameworksBuildPhase;
			buildActionMask = 2147483647;
			files = (
				88568584E0EE5EAE409C391F /* libPods-XPUB.a in Frameworks */,
				D0976C1422198C34009531DD /* AES256CBC.framework in Frameworks */,
				D0976C1522198C34009531DD /* SwiftKeychainWrapper.framework in Frameworks */,
			);
			runOnlyForDeploymentPostprocessing = 0;
		};
/* End PBXFrameworksBuildPhase section */

/* Begin PBXGroup section */
		2984AFC0DAD1038A76AB4A3D /* Frameworks */ = {
			isa = PBXGroup;
			children = (
				D0976C1222198C34009531DD /* AES256CBC.framework */,
				D0976C1322198C34009531DD /* SwiftKeychainWrapper.framework */,
				56022BECEA1C171CD97594F9 /* libPods-XPUB.a */,
			);
			name = Frameworks;
			sourceTree = "<group>";
		};
		7B763DB08FAAD5410E35464F /* Pods */ = {
			isa = PBXGroup;
			children = (
				20585EE636944868C85D1893 /* Pods-XPUB.debug.xcconfig */,
				E6290704FA5698E9EADB023F /* Pods-XPUB.release.xcconfig */,
			);
			name = Pods;
			sourceTree = "<group>";
		};
		D0976BE9221978B2009531DD = {
			isa = PBXGroup;
			children = (
				D0976BF4221978B2009531DD /* XPUB */,
				D0976BF3221978B2009531DD /* Products */,
				D0976C0B22197992009531DD /* XPUB-Bridging-Header.h */,
				D0976C0C22197992009531DD /* ObjectiveCHeader.m */,
				7B763DB08FAAD5410E35464F /* Pods */,
				2984AFC0DAD1038A76AB4A3D /* Frameworks */,
			);
			sourceTree = "<group>";
		};
		D0976BF3221978B2009531DD /* Products */ = {
			isa = PBXGroup;
			children = (
				D0976BF2221978B2009531DD /* XPUB.app */,
			);
			name = Products;
			sourceTree = "<group>";
		};
		D0976BF4221978B2009531DD /* XPUB */ = {
			isa = PBXGroup;
			children = (
				D0976C172219931C009531DD /* HomeScreenViewController.swift */,
				D0976BF5221978B2009531DD /* AppDelegate.swift */,
				D0976BF7221978B2009531DD /* ViewController.swift */,
				D0976C0E22197FAB009531DD /* QRCodeScannerViewController.swift */,
				D0756A54221D7F2E004EFD6E /* watermark.jpg */,
				D0756A58221D8D2D004EFD6E /* bWhite.png */,
				D0756A56221D8578004EFD6E /* BC_Logo_.png */,
				D0976BF9221978B2009531DD /* Main.storyboard */,
				D0756A5C221F95EA004EFD6E /* InfoViewController.swift */,
				D0976BFF221978B5009531DD /* Assets.xcassets */,
				D0976C01221978B5009531DD /* LaunchScreen.storyboard */,
				D0976C1022198767009531DD /* backButton.png */,
				D0756A5A221EEB4E004EFD6E /* whiteQR.png */,
				D0976C04221978B5009531DD /* Info.plist */,
				D0976BFC221978B3009531DD /* XPUB.xcdatamodeld */,
			);
			path = XPUB;
			sourceTree = "<group>";
		};
/* End PBXGroup section */

/* Begin PBXNativeTarget section */
		D0976BF1221978B2009531DD /* XPUB */ = {
			isa = PBXNativeTarget;
			buildConfigurationList = D0976C07221978B5009531DD /* Build configuration list for PBXNativeTarget "XPUB" */;
			buildPhases = (
				70089F33A47A4A5EFFE4D386 /* [CP] Check Pods Manifest.lock */,
				D0976BEE221978B2009531DD /* Sources */,
				D0976BEF221978B2009531DD /* Frameworks */,
				D0976BF0221978B2009531DD /* Resources */,
				D0976C1622198C41009531DD /* ShellScript */,
			);
			buildRules = (
			);
			dependencies = (
			);
			name = XPUB;
			productName = XPUB;
			productReference = D0976BF2221978B2009531DD /* XPUB.app */;
			productType = "com.apple.product-type.application";
		};
/* End PBXNativeTarget section */

/* Begin PBXProject section */
		D0976BEA221978B2009531DD /* Project object */ = {
			isa = PBXProject;
			attributes = {
				LastSwiftUpdateCheck = 1010;
				LastUpgradeCheck = 1010;
				ORGANIZATIONNAME = Fontaine;
				TargetAttributes = {
					D0976BF1221978B2009531DD = {
						CreatedOnToolsVersion = 10.1;
						LastSwiftMigration = 1010;
					};
				};
			};
			buildConfigurationList = D0976BED221978B2009531DD /* Build configuration list for PBXProject "XPUB" */;
			compatibilityVersion = "Xcode 9.3";
			developmentRegion = en;
			hasScannedForEncodings = 0;
			knownRegions = (
				en,
				Base,
			);
			mainGroup = D0976BE9221978B2009531DD;
			productRefGroup = D0976BF3221978B2009531DD /* Products */;
			projectDirPath = "";
			projectRoot = "";
			targets = (
				D0976BF1221978B2009531DD /* XPUB */,
			);
		};
/* End PBXProject section */

/* Begin PBXResourcesBuildPhase section */
		D0976BF0221978B2009531DD /* Resources */ = {
			isa = PBXResourcesBuildPhase;
			buildActionMask = 2147483647;
			files = (
				D0976C03221978B5009531DD /* LaunchScreen.storyboard in Resources */,
				D0756A59221D8D2D004EFD6E /* bWhite.png in Resources */,
				D0756A5B221EEB4E004EFD6E /* whiteQR.png in Resources */,
				D0756A57221D8578004EFD6E /* BC_Logo_.png in Resources */,
				D0976C00221978B5009531DD /* Assets.xcassets in Resources */,
				D0976C1122198767009531DD /* backButton.png in Resources */,
				D0756A55221D7F2E004EFD6E /* watermark.jpg in Resources */,
				D0976BFB221978B2009531DD /* Main.storyboard in Resources */,
			);
			runOnlyForDeploymentPostprocessing = 0;
		};
/* End PBXResourcesBuildPhase section */

/* Begin PBXShellScriptBuildPhase section */
		70089F33A47A4A5EFFE4D386 /* [CP] Check Pods Manifest.lock */ = {
			isa = PBXShellScriptBuildPhase;
			buildActionMask = 2147483647;
			files = (
			);
			inputPaths = (
				"${PODS_PODFILE_DIR_PATH}/Podfile.lock",
				"${PODS_ROOT}/Manifest.lock",
			);
			name = "[CP] Check Pods Manifest.lock";
			outputPaths = (
				"$(DERIVED_FILE_DIR)/Pods-XPUB-checkManifestLockResult.txt",
			);
			runOnlyForDeploymentPostprocessing = 0;
			shellPath = /bin/sh;
			shellScript = "diff \"${PODS_PODFILE_DIR_PATH}/Podfile.lock\" \"${PODS_ROOT}/Manifest.lock\" > /dev/null\nif [ $? != 0 ] ; then\n    # print error to STDERR\n    echo \"error: The sandbox is not in sync with the Podfile.lock. Run 'pod install' or update your CocoaPods installation.\" >&2\n    exit 1\nfi\n# This output is used by Xcode 'outputs' to avoid re-running this script phase.\necho \"SUCCESS\" > \"${SCRIPT_OUTPUT_FILE_0}\"\n";
			showEnvVarsInLog = 0;
		};
		D0976C1622198C41009531DD /* ShellScript */ = {
			isa = PBXShellScriptBuildPhase;
			buildActionMask = 2147483647;
			files = (
			);
			inputFileListPaths = (
			);
			inputPaths = (
				"$(SRCROOT)/Carthage/Build/iOS/AES256CBC.framework",
				"$(SRCROOT)/Carthage/Build/iOS/SwiftKeychainWrapper.framework",
			);
			outputFileListPaths = (
			);
			outputPaths = (
			);
			runOnlyForDeploymentPostprocessing = 0;
			shellPath = /bin/sh;
			shellScript = "# Type a script or drag a script file from your workspace to insert its path.\n/usr/local/bin/carthage copy-frameworks\n";
		};
/* End PBXShellScriptBuildPhase section */

/* Begin PBXSourcesBuildPhase section */
		D0976BEE221978B2009531DD /* Sources */ = {
			isa = PBXSourcesBuildPhase;
			buildActionMask = 2147483647;
			files = (
				D0976C0D22197992009531DD /* ObjectiveCHeader.m in Sources */,
				D0976BF8221978B2009531DD /* ViewController.swift in Sources */,
				D0976C0F22197FAB009531DD /* QRCodeScannerViewController.swift in Sources */,
				D0756A5D221F95EA004EFD6E /* InfoViewController.swift in Sources */,
				D0976BFE221978B3009531DD /* XPUB.xcdatamodeld in Sources */,
				D0976BF6221978B2009531DD /* AppDelegate.swift in Sources */,
				D0976C182219931C009531DD /* HomeScreenViewController.swift in Sources */,
			);
			runOnlyForDeploymentPostprocessing = 0;
		};
/* End PBXSourcesBuildPhase section */

/* Begin PBXVariantGroup section */
		D0976BF9221978B2009531DD /* Main.storyboard */ = {
			isa = PBXVariantGroup;
			children = (
				D0976BFA221978B2009531DD /* Base */,
			);
			name = Main.storyboard;
			sourceTree = "<group>";
		};
		D0976C01221978B5009531DD /* LaunchScreen.storyboard */ = {
			isa = PBXVariantGroup;
			children = (
				D0976C02221978B5009531DD /* Base */,
			);
			name = LaunchScreen.storyboard;
			sourceTree = "<group>";
		};
/* End PBXVariantGroup section */

/* Begin XCBuildConfiguration section */
		D0976C05221978B5009531DD /* Debug */ = {
			isa = XCBuildConfiguration;
			buildSettings = {
				ALWAYS_SEARCH_USER_PATHS = NO;
				CLANG_ANALYZER_NONNULL = YES;
				CLANG_ANALYZER_NUMBER_OBJECT_CONVERSION = YES_AGGRESSIVE;
				CLANG_CXX_LANGUAGE_STANDARD = "gnu++14";
				CLANG_CXX_LIBRARY = "libc++";
				CLANG_ENABLE_MODULES = YES;
				CLANG_ENABLE_OBJC_ARC = YES;
				CLANG_ENABLE_OBJC_WEAK = YES;
				CLANG_WARN_BLOCK_CAPTURE_AUTORELEASING = YES;
				CLANG_WARN_BOOL_CONVERSION = YES;
				CLANG_WARN_COMMA = YES;
				CLANG_WARN_CONSTANT_CONVERSION = YES;
				CLANG_WARN_DEPRECATED_OBJC_IMPLEMENTATIONS = YES;
				CLANG_WARN_DIRECT_OBJC_ISA_USAGE = YES_ERROR;
				CLANG_WARN_DOCUMENTATION_COMMENTS = YES;
				CLANG_WARN_EMPTY_BODY = YES;
				CLANG_WARN_ENUM_CONVERSION = YES;
				CLANG_WARN_INFINITE_RECURSION = YES;
				CLANG_WARN_INT_CONVERSION = YES;
				CLANG_WARN_NON_LITERAL_NULL_CONVERSION = YES;
				CLANG_WARN_OBJC_IMPLICIT_RETAIN_SELF = YES;
				CLANG_WARN_OBJC_LITERAL_CONVERSION = YES;
				CLANG_WARN_OBJC_ROOT_CLASS = YES_ERROR;
				CLANG_WARN_RANGE_LOOP_ANALYSIS = YES;
				CLANG_WARN_STRICT_PROTOTYPES = YES;
				CLANG_WARN_SUSPICIOUS_MOVE = YES;
				CLANG_WARN_UNGUARDED_AVAILABILITY = YES_AGGRESSIVE;
				CLANG_WARN_UNREACHABLE_CODE = YES;
				CLANG_WARN__DUPLICATE_METHOD_MATCH = YES;
				CODE_SIGN_IDENTITY = "iPhone Developer";
				COPY_PHASE_STRIP = NO;
				DEBUG_INFORMATION_FORMAT = dwarf;
				ENABLE_STRICT_OBJC_MSGSEND = YES;
				ENABLE_TESTABILITY = YES;
				GCC_C_LANGUAGE_STANDARD = gnu11;
				GCC_DYNAMIC_NO_PIC = NO;
				GCC_NO_COMMON_BLOCKS = YES;
				GCC_OPTIMIZATION_LEVEL = 0;
				GCC_PREPROCESSOR_DEFINITIONS = (
					"DEBUG=1",
					"$(inherited)",
				);
				GCC_WARN_64_TO_32_BIT_CONVERSION = YES;
				GCC_WARN_ABOUT_RETURN_TYPE = YES_ERROR;
				GCC_WARN_UNDECLARED_SELECTOR = YES;
				GCC_WARN_UNINITIALIZED_AUTOS = YES_AGGRESSIVE;
				GCC_WARN_UNUSED_FUNCTION = YES;
				GCC_WARN_UNUSED_VARIABLE = YES;
				IPHONEOS_DEPLOYMENT_TARGET = 12.1;
				MTL_ENABLE_DEBUG_INFO = INCLUDE_SOURCE;
				MTL_FAST_MATH = YES;
				ONLY_ACTIVE_ARCH = YES;
				SDKROOT = iphoneos;
				SWIFT_ACTIVE_COMPILATION_CONDITIONS = DEBUG;
				SWIFT_OPTIMIZATION_LEVEL = "-Onone";
			};
			name = Debug;
		};
		D0976C06221978B5009531DD /* Release */ = {
			isa = XCBuildConfiguration;
			buildSettings = {
				ALWAYS_SEARCH_USER_PATHS = NO;
				CLANG_ANALYZER_NONNULL = YES;
				CLANG_ANALYZER_NUMBER_OBJECT_CONVERSION = YES_AGGRESSIVE;
				CLANG_CXX_LANGUAGE_STANDARD = "gnu++14";
				CLANG_CXX_LIBRARY = "libc++";
				CLANG_ENABLE_MODULES = YES;
				CLANG_ENABLE_OBJC_ARC = YES;
				CLANG_ENABLE_OBJC_WEAK = YES;
				CLANG_WARN_BLOCK_CAPTURE_AUTORELEASING = YES;
				CLANG_WARN_BOOL_CONVERSION = YES;
				CLANG_WARN_COMMA = YES;
				CLANG_WARN_CONSTANT_CONVERSION = YES;
				CLANG_WARN_DEPRECATED_OBJC_IMPLEMENTATIONS = YES;
				CLANG_WARN_DIRECT_OBJC_ISA_USAGE = YES_ERROR;
				CLANG_WARN_DOCUMENTATION_COMMENTS = YES;
				CLANG_WARN_EMPTY_BODY = YES;
				CLANG_WARN_ENUM_CONVERSION = YES;
				CLANG_WARN_INFINITE_RECURSION = YES;
				CLANG_WARN_INT_CONVERSION = YES;
				CLANG_WARN_NON_LITERAL_NULL_CONVERSION = YES;
				CLANG_WARN_OBJC_IMPLICIT_RETAIN_SELF = YES;
				CLANG_WARN_OBJC_LITERAL_CONVERSION = YES;
				CLANG_WARN_OBJC_ROOT_CLASS = YES_ERROR;
				CLANG_WARN_RANGE_LOOP_ANALYSIS = YES;
				CLANG_WARN_STRICT_PROTOTYPES = YES;
				CLANG_WARN_SUSPICIOUS_MOVE = YES;
				CLANG_WARN_UNGUARDED_AVAILABILITY = YES_AGGRESSIVE;
				CLANG_WARN_UNREACHABLE_CODE = YES;
				CLANG_WARN__DUPLICATE_METHOD_MATCH = YES;
				CODE_SIGN_IDENTITY = "iPhone Developer";
				COPY_PHASE_STRIP = NO;
				DEBUG_INFORMATION_FORMAT = "dwarf-with-dsym";
				ENABLE_NS_ASSERTIONS = NO;
				ENABLE_STRICT_OBJC_MSGSEND = YES;
				GCC_C_LANGUAGE_STANDARD = gnu11;
				GCC_NO_COMMON_BLOCKS = YES;
				GCC_WARN_64_TO_32_BIT_CONVERSION = YES;
				GCC_WARN_ABOUT_RETURN_TYPE = YES_ERROR;
				GCC_WARN_UNDECLARED_SELECTOR = YES;
				GCC_WARN_UNINITIALIZED_AUTOS = YES_AGGRESSIVE;
				GCC_WARN_UNUSED_FUNCTION = YES;
				GCC_WARN_UNUSED_VARIABLE = YES;
				IPHONEOS_DEPLOYMENT_TARGET = 12.1;
				MTL_ENABLE_DEBUG_INFO = NO;
				MTL_FAST_MATH = YES;
				SDKROOT = iphoneos;
				SWIFT_COMPILATION_MODE = wholemodule;
				SWIFT_OPTIMIZATION_LEVEL = "-O";
				VALIDATE_PRODUCT = YES;
			};
			name = Release;
		};
		D0976C08221978B5009531DD /* Debug */ = {
			isa = XCBuildConfiguration;
			baseConfigurationReference = 20585EE636944868C85D1893 /* Pods-XPUB.debug.xcconfig */;
			buildSettings = {
				ASSETCATALOG_COMPILER_APPICON_NAME = AppIcon;
				CLANG_ENABLE_MODULES = YES;
				CODE_SIGN_STYLE = Manual;
				DEVELOPMENT_TEAM = 69FR345CDA;
				FRAMEWORK_SEARCH_PATHS = (
					"$(inherited)",
					"$(PROJECT_DIR)/Carthage/Build/iOS",
				);
				INFOPLIST_FILE = XPUB/Info.plist;
				IPHONEOS_DEPLOYMENT_TARGET = 10.0;
				LD_RUNPATH_SEARCH_PATHS = (
					"$(inherited)",
					"@executable_path/Frameworks",
				);
				PRODUCT_BUNDLE_IDENTIFIER = com.fontaine.XPUB;
				PRODUCT_NAME = "$(TARGET_NAME)";
				PROVISIONING_PROFILE_SPECIFIER = XPUBDevelopment2019;
				SWIFT_OBJC_BRIDGING_HEADER = "XPUB-Bridging-Header.h";
				SWIFT_OPTIMIZATION_LEVEL = "-Onone";
				SWIFT_VERSION = 4.2;
				TARGETED_DEVICE_FAMILY = 1;
			};
			name = Debug;
		};
		D0976C09221978B5009531DD /* Release */ = {
			isa = XCBuildConfiguration;
			baseConfigurationReference = E6290704FA5698E9EADB023F /* Pods-XPUB.release.xcconfig */;
			buildSettings = {
				ASSETCATALOG_COMPILER_APPICON_NAME = AppIcon;
				CLANG_ENABLE_MODULES = YES;
				CODE_SIGN_IDENTITY = "iPhone Distribution";
				CODE_SIGN_STYLE = Manual;
				DEVELOPMENT_TEAM = 69FR345CDA;
				FRAMEWORK_SEARCH_PATHS = (
					"$(inherited)",
					"$(PROJECT_DIR)/Carthage/Build/iOS",
				);
				INFOPLIST_FILE = XPUB/Info.plist;
				IPHONEOS_DEPLOYMENT_TARGET = 10.0;
				LD_RUNPATH_SEARCH_PATHS = (
					"$(inherited)",
					"@executable_path/Frameworks",
				);
				PRODUCT_BUNDLE_IDENTIFIER = com.fontaine.XPUB;
				PRODUCT_NAME = "$(TARGET_NAME)";
				PROVISIONING_PROFILE_SPECIFIER = XPUBDistribution2019;
				SWIFT_OBJC_BRIDGING_HEADER = "XPUB-Bridging-Header.h";
				SWIFT_VERSION = 4.2;
				TARGETED_DEVICE_FAMILY = 1;
			};
			name = Release;
		};
/* End XCBuildConfiguration section */

/* Begin XCConfigurationList section */
		D0976BED221978B2009531DD /* Build configuration list for PBXProject "XPUB" */ = {
			isa = XCConfigurationList;
			buildConfigurations = (
				D0976C05221978B5009531DD /* Debug */,
				D0976C06221978B5009531DD /* Release */,
			);
			defaultConfigurationIsVisible = 0;
			defaultConfigurationName = Release;
		};
		D0976C07221978B5009531DD /* Build configuration list for PBXNativeTarget "XPUB" */ = {
			isa = XCConfigurationList;
			buildConfigurations = (
				D0976C08221978B5009531DD /* Debug */,
				D0976C09221978B5009531DD /* Release */,
			);
			defaultConfigurationIsVisible = 0;
			defaultConfigurationName = Release;
		};
/* End XCConfigurationList section */

/* Begin XCVersionGroup section */
		D0976BFC221978B3009531DD /* XPUB.xcdatamodeld */ = {
			isa = XCVersionGroup;
			children = (
				D0976BFD221978B3009531DD /* XPUB.xcdatamodel */,
			);
			currentVersion = D0976BFD221978B3009531DD /* XPUB.xcdatamodel */;
			path = XPUB.xcdatamodeld;
			sourceTree = "<group>";
			versionGroupType = wrapper.xcdatamodel;
		};
/* End XCVersionGroup section */
	};
	rootObject = D0976BEA221978B2009531DD /* Project object */;
}
