// !$*UTF8*$!
{
	archiveVersion = 1;
	classes = {
	};
	objectVersion = 50;
	objects = {

/* Begin PBXBuildFile section */
		D0976BF6221978B2009531DD /* AppDelegate.swift in Sources */ = {isa = PBXBuildFile; fileRef = D0976BF5221978B2009531DD /* AppDelegate.swift */; };
		D0976BF8221978B2009531DD /* ViewController.swift in Sources */ = {isa = PBXBuildFile; fileRef = D0976BF7221978B2009531DD /* ViewController.swift */; };
		D0976BFB221978B2009531DD /* Main.storyboard in Resources */ = {isa = PBXBuildFile; fileRef = D0976BF9221978B2009531DD /* Main.storyboard */; };
		D0976BFE221978B3009531DD /* XPUB.xcdatamodeld in Sources */ = {isa = PBXBuildFile; fileRef = D0976BFC221978B3009531DD /* XPUB.xcdatamodeld */; };
		D0976C00221978B5009531DD /* Assets.xcassets in Resources */ = {isa = PBXBuildFile; fileRef = D0976BFF221978B5009531DD /* Assets.xcassets */; };
		D0976C03221978B5009531DD /* LaunchScreen.storyboard in Resources */ = {isa = PBXBuildFile; fileRef = D0976C01221978B5009531DD /* LaunchScreen.storyboard */; };
/* End PBXBuildFile section */

/* Begin PBXFileReference section */
		D0976BF2221978B2009531DD /* XPUB.app */ = {isa = PBXFileReference; explicitFileType = wrapper.application; includeInIndex = 0; path = XPUB.app; sourceTree = BUILT_PRODUCTS_DIR; };
		D0976BF5221978B2009531DD /* AppDelegate.swift */ = {isa = PBXFileReference; lastKnownFileType = sourcecode.swift; path = AppDelegate.swift; sourceTree = "<group>"; };
		D0976BF7221978B2009531DD /* ViewController.swift */ = {isa = PBXFileReference; lastKnownFileType = sourcecode.swift; path = ViewController.swift; sourceTree = "<group>"; };
		D0976BFA221978B2009531DD /* Base */ = {isa = PBXFileReference; lastKnownFileType = file.storyboard; name = Base; path = Base.lproj/Main.storyboard; sourceTree = "<group>"; };
		D0976BFD221978B3009531DD /* XPUB.xcdatamodel */ = {isa = PBXFileReference; lastKnownFileType = wrapper.xcdatamodel; path = XPUB.xcdatamodel; sourceTree = "<group>"; };
		D0976BFF221978B5009531DD /* Assets.xcassets */ = {isa = PBXFileReference; lastKnownFileType = folder.assetcatalog; path = Assets.xcassets; sourceTree = "<group>"; };
		D0976C02221978B5009531DD /* Base */ = {isa = PBXFileReference; lastKnownFileType = file.storyboard; name = Base; path = Base.lproj/LaunchScreen.storyboard; sourceTree = "<group>"; };
		D0976C04221978B5009531DD /* Info.plist */ = {isa = PBXFileReference; lastKnownFileType = text.plist.xml; path = Info.plist; sourceTree = "<group>"; };
/* End PBXFileReference section */

/* Begin PBXFrameworksBuildPhase section */
		D0976BEF221978B2009531DD /* Frameworks */ = {
			isa = PBXFrameworksBuildPhase;
			buildActionMask = 2147483647;
			files = (
			);
			runOnlyForDeploymentPostprocessing = 0;
		};
/* End PBXFrameworksBuildPhase section */

/* Begin PBXGroup section */
		D0976BE9221978B2009531DD = {
			isa = PBXGroup;
			children = (
				D0976BF4221978B2009531DD /* XPUB */,
				D0976BF3221978B2009531DD /* Products */,
			);
			sourceTree = "<group>";
		};
		D0976BF3221978B2009531DD /* Products */ = {
			isa = PBXGroup;
			children = (
				D0976BF2221978B2009531DD /* XPUB.app */,
			);
			name = Products;
			sourceTree = "<group>";
		};
		D0976BF4221978B2009531DD /* XPUB */ = {
			isa = PBXGroup;
			children = (
				D0976BF5221978B2009531DD /* AppDelegate.swift */,
				D0976BF7221978B2009531DD /* ViewController.swift */,
				D0976BF9221978B2009531DD /* Main.storyboard */,
				D0976BFF221978B5009531DD /* Assets.xcassets */,
				D0976C01221978B5009531DD /* LaunchScreen.storyboard */,
				D0976C04221978B5009531DD /* Info.plist */,
				D0976BFC221978B3009531DD /* XPUB.xcdatamodeld */,
			);
			path = XPUB;
			sourceTree = "<group>";
		};
/* End PBXGroup section */

/* Begin PBXNativeTarget section */
		D0976BF1221978B2009531DD /* XPUB */ = {
			isa = PBXNativeTarget;
			buildConfigurationList = D0976C07221978B5009531DD /* Build configuration list for PBXNativeTarget "XPUB" */;
			buildPhases = (
				D0976BEE221978B2009531DD /* Sources */,
				D0976BEF221978B2009531DD /* Frameworks */,
				D0976BF0221978B2009531DD /* Resources */,
			);
			buildRules = (
			);
			dependencies = (
			);
			name = XPUB;
			productName = XPUB;
			productReference = D0976BF2221978B2009531DD /* XPUB.app */;
			productType = "com.apple.product-type.application";
		};
/* End PBXNativeTarget section */

/* Begin PBXProject section */
		D0976BEA221978B2009531DD /* Project object */ = {
			isa = PBXProject;
			attributes = {
				LastSwiftUpdateCheck = 1010;
				LastUpgradeCheck = 1010;
				ORGANIZATIONNAME = Fontaine;
				TargetAttributes = {
					D0976BF1221978B2009531DD = {
						CreatedOnToolsVersion = 10.1;
					};
				};
			};
			buildConfigurationList = D0976BED221978B2009531DD /* Build configuration list for PBXProject "XPUB" */;
			compatibilityVersion = "Xcode 9.3";
			developmentRegion = en;
			hasScannedForEncodings = 0;
			knownRegions = (
				en,
				Base,
			);
			mainGroup = D0976BE9221978B2009531DD;
			productRefGroup = D0976BF3221978B2009531DD /* Products */;
			projectDirPath = "";
			projectRoot = "";
			targets = (
				D0976BF1221978B2009531DD /* XPUB */,
			);
		};
/* End PBXProject section */

/* Begin PBXResourcesBuildPhase section */
		D0976BF0221978B2009531DD /* Resources */ = {
			isa = PBXResourcesBuildPhase;
			buildActionMask = 2147483647;
			files = (
				D0976C03221978B5009531DD /* LaunchScreen.storyboard in Resources */,
				D0976C00221978B5009531DD /* Assets.xcassets in Resources */,
				D0976BFB221978B2009531DD /* Main.storyboard in Resources */,
			);
			runOnlyForDeploymentPostprocessing = 0;
		};
/* End PBXResourcesBuildPhase section */

/* Begin PBXSourcesBuildPhase section */
		D0976BEE221978B2009531DD /* Sources */ = {
			isa = PBXSourcesBuildPhase;
			buildActionMask = 2147483647;
			files = (
				D0976BF8221978B2009531DD /* ViewController.swift in Sources */,
				D0976BFE221978B3009531DD /* XPUB.xcdatamodeld in Sources */,
				D0976BF6221978B2009531DD /* AppDelegate.swift in Sources */,
			);
			runOnlyForDeploymentPostprocessing = 0;
		};
/* End PBXSourcesBuildPhase section */

/* Begin PBXVariantGroup section */
		D0976BF9221978B2009531DD /* Main.storyboard */ = {
			isa = PBXVariantGroup;
			children = (
				D0976BFA221978B2009531DD /* Base */,
			);
			name = Main.storyboard;
			sourceTree = "<group>";
		};
		D0976C01221978B5009531DD /* LaunchScreen.storyboard */ = {
			isa = PBXVariantGroup;
			children = (
				D0976C02221978B5009531DD /* Base */,
			);
			name = LaunchScreen.storyboard;
			sourceTree = "<group>";
		};
/* End PBXVariantGroup section */

/* Begin XCBuildConfiguration section */
		D0976C05221978B5009531DD /* Debug */ = {
			isa = XCBuildConfiguration;
			buildSettings = {
				ALWAYS_SEARCH_USER_PATHS = NO;
				CLANG_ANALYZER_NONNULL = YES;
				CLANG_ANALYZER_NUMBER_OBJECT_CONVERSION = YES_AGGRESSIVE;
				CLANG_CXX_LANGUAGE_STANDARD = "gnu++14";
				CLANG_CXX_LIBRARY = "libc++";
				CLANG_ENABLE_MODULES = YES;
				CLANG_ENABLE_OBJC_ARC = YES;
				CLANG_ENABLE_OBJC_WEAK = YES;
				CLANG_WARN_BLOCK_CAPTURE_AUTORELEASING = YES;
				CLANG_WARN_BOOL_CONVERSION = YES;
				CLANG_WARN_COMMA = YES;
				CLANG_WARN_CONSTANT_CONVERSION = YES;
				CLANG_WARN_DEPRECATED_OBJC_IMPLEMENTATIONS = YES;
				CLANG_WARN_DIRECT_OBJC_ISA_USAGE = YES_ERROR;
				CLANG_WARN_DOCUMENTATION_COMMENTS = YES;
				CLANG_WARN_EMPTY_BODY = YES;
				CLANG_WARN_ENUM_CONVERSION = YES;
				CLANG_WARN_INFINITE_RECURSION = YES;
				CLANG_WARN_INT_CONVERSION = YES;
				CLANG_WARN_NON_LITERAL_NULL_CONVERSION = YES;
				CLANG_WARN_OBJC_IMPLICIT_RETAIN_SELF = YES;
				CLANG_WARN_OBJC_LITERAL_CONVERSION = YES;
				CLANG_WARN_OBJC_ROOT_CLASS = YES_ERROR;
				CLANG_WARN_RANGE_LOOP_ANALYSIS = YES;
				CLANG_WARN_STRICT_PROTOTYPES = YES;
				CLANG_WARN_SUSPICIOUS_MOVE = YES;
				CLANG_WARN_UNGUARDED_AVAILABILITY = YES_AGGRESSIVE;
				CLANG_WARN_UNREACHABLE_CODE = YES;
				CLANG_WARN__DUPLICATE_METHOD_MATCH = YES;
				CODE_SIGN_IDENTITY = "iPhone Developer";
				COPY_PHASE_STRIP = NO;
				DEBUG_INFORMATION_FORMAT = dwarf;
				ENABLE_STRICT_OBJC_MSGSEND = YES;
				ENABLE_TESTABILITY = YES;
				GCC_C_LANGUAGE_STANDARD = gnu11;
				GCC_DYNAMIC_NO_PIC = NO;
				GCC_NO_COMMON_BLOCKS = YES;
				GCC_OPTIMIZATION_LEVEL = 0;
				GCC_PREPROCESSOR_DEFINITIONS = (
					"DEBUG=1",
					"$(inherited)",
				);
				GCC_WARN_64_TO_32_BIT_CONVERSION = YES;
				GCC_WARN_ABOUT_RETURN_TYPE = YES_ERROR;
				GCC_WARN_UNDECLARED_SELECTOR = YES;
				GCC_WARN_UNINITIALIZED_AUTOS = YES_AGGRESSIVE;
				GCC_WARN_UNUSED_FUNCTION = YES;
				GCC_WARN_UNUSED_VARIABLE = YES;
				IPHONEOS_DEPLOYMENT_TARGET = 12.1;
				MTL_ENABLE_DEBUG_INFO = INCLUDE_SOURCE;
				MTL_FAST_MATH = YES;
				ONLY_ACTIVE_ARCH = YES;
				SDKROOT = iphoneos;
				SWIFT_ACTIVE_COMPILATION_CONDITIONS = DEBUG;
				SWIFT_OPTIMIZATION_LEVEL = "-Onone";
			};
			name = Debug;
		};
		D0976C06221978B5009531DD /* Release */ = {
			isa = XCBuildConfiguration;
			buildSettings = {
				ALWAYS_SEARCH_USER_PATHS = NO;
				CLANG_ANALYZER_NONNULL = YES;
				CLANG_ANALYZER_NUMBER_OBJECT_CONVERSION = YES_AGGRESSIVE;
				CLANG_CXX_LANGUAGE_STANDARD = "gnu++14";
				CLANG_CXX_LIBRARY = "libc++";
				CLANG_ENABLE_MODULES = YES;
				CLANG_ENABLE_OBJC_ARC = YES;
				CLANG_ENABLE_OBJC_WEAK = YES;
				CLANG_WARN_BLOCK_CAPTURE_AUTORELEASING = YES;
				CLANG_WARN_BOOL_CONVERSION = YES;
				CLANG_WARN_COMMA = YES;
				CLANG_WARN_CONSTANT_CONVERSION = YES;
				CLANG_WARN_DEPRECATED_OBJC_IMPLEMENTATIONS = YES;
				CLANG_WARN_DIRECT_OBJC_ISA_USAGE = YES_ERROR;
				CLANG_WARN_DOCUMENTATION_COMMENTS = YES;
				CLANG_WARN_EMPTY_BODY = YES;
				CLANG_WARN_ENUM_CONVERSION = YES;
				CLANG_WARN_INFINITE_RECURSION = YES;
				CLANG_WARN_INT_CONVERSION = YES;
				CLANG_WARN_NON_LITERAL_NULL_CONVERSION = YES;
				CLANG_WARN_OBJC_IMPLICIT_RETAIN_SELF = YES;
				CLANG_WARN_OBJC_LITERAL_CONVERSION = YES;
				CLANG_WARN_OBJC_ROOT_CLASS = YES_ERROR;
				CLANG_WARN_RANGE_LOOP_ANALYSIS = YES;
				CLANG_WARN_STRICT_PROTOTYPES = YES;
				CLANG_WARN_SUSPICIOUS_MOVE = YES;
				CLANG_WARN_UNGUARDED_AVAILABILITY = YES_AGGRESSIVE;
				CLANG_WARN_UNREACHABLE_CODE = YES;
				CLANG_WARN__DUPLICATE_METHOD_MATCH = YES;
				CODE_SIGN_IDENTITY = "iPhone Developer";
				COPY_PHASE_STRIP = NO;
				DEBUG_INFORMATION_FORMAT = "dwarf-with-dsym";
				ENABLE_NS_ASSERTIONS = NO;
				ENABLE_STRICT_OBJC_MSGSEND = YES;
				GCC_C_LANGUAGE_STANDARD = gnu11;
				GCC_NO_COMMON_BLOCKS = YES;
				GCC_WARN_64_TO_32_BIT_CONVERSION = YES;
				GCC_WARN_ABOUT_RETURN_TYPE = YES_ERROR;
				GCC_WARN_UNDECLARED_SELECTOR = YES;
				GCC_WARN_UNINITIALIZED_AUTOS = YES_AGGRESSIVE;
				GCC_WARN_UNUSED_FUNCTION = YES;
				GCC_WARN_UNUSED_VARIABLE = YES;
				IPHONEOS_DEPLOYMENT_TARGET = 12.1;
				MTL_ENABLE_DEBUG_INFO = NO;
				MTL_FAST_MATH = YES;
				SDKROOT = iphoneos;
				SWIFT_COMPILATION_MODE = wholemodule;
				SWIFT_OPTIMIZATION_LEVEL = "-O";
				VALIDATE_PRODUCT = YES;
			};
			name = Release;
		};
		D0976C08221978B5009531DD /* Debug */ = {
			isa = XCBuildConfiguration;
			buildSettings = {
				ASSETCATALOG_COMPILER_APPICON_NAME = AppIcon;
				CODE_SIGN_STYLE = Automatic;
				DEVELOPMENT_TEAM = S9W9BN93GG;
				INFOPLIST_FILE = XPUB/Info.plist;
				LD_RUNPATH_SEARCH_PATHS = (
					"$(inherited)",
					"@executable_path/Frameworks",
				);
				PRODUCT_BUNDLE_IDENTIFIER = com.fontaine.XPUB;
				PRODUCT_NAME = "$(TARGET_NAME)";
				SWIFT_VERSION = 4.2;
				TARGETED_DEVICE_FAMILY = "1,2";
			};
			name = Debug;
		};
		D0976C09221978B5009531DD /* Release */ = {
			isa = XCBuildConfiguration;
			buildSettings = {
				ASSETCATALOG_COMPILER_APPICON_NAME = AppIcon;
				CODE_SIGN_STYLE = Automatic;
				DEVELOPMENT_TEAM = S9W9BN93GG;
				INFOPLIST_FILE = XPUB/Info.plist;
				LD_RUNPATH_SEARCH_PATHS = (
					"$(inherited)",
					"@executable_path/Frameworks",
				);
				PRODUCT_BUNDLE_IDENTIFIER = com.fontaine.XPUB;
				PRODUCT_NAME = "$(TARGET_NAME)";
				SWIFT_VERSION = 4.2;
				TARGETED_DEVICE_FAMILY = "1,2";
			};
			name = Release;
		};
/* End XCBuildConfiguration section */

/* Begin XCConfigurationList section */
		D0976BED221978B2009531DD /* Build configuration list for PBXProject "XPUB" */ = {
			isa = XCConfigurationList;
			buildConfigurations = (
				D0976C05221978B5009531DD /* Debug */,
				D0976C06221978B5009531DD /* Release */,
			);
			defaultConfigurationIsVisible = 0;
			defaultConfigurationName = Release;
		};
		D0976C07221978B5009531DD /* Build configuration list for PBXNativeTarget "XPUB" */ = {
			isa = XCConfigurationList;
			buildConfigurations = (
				D0976C08221978B5009531DD /* Debug */,
				D0976C09221978B5009531DD /* Release */,
			);
			defaultConfigurationIsVisible = 0;
			defaultConfigurationName = Release;
		};
/* End XCConfigurationList section */

/* Begin XCVersionGroup section */
		D0976BFC221978B3009531DD /* XPUB.xcdatamodeld */ = {
			isa = XCVersionGroup;
			children = (
				D0976BFD221978B3009531DD /* XPUB.xcdatamodel */,
			);
			currentVersion = D0976BFD221978B3009531DD /* XPUB.xcdatamodel */;
			path = XPUB.xcdatamodeld;
			sourceTree = "<group>";
			versionGroupType = wrapper.xcdatamodel;
		};
/* End XCVersionGroup section */
	};
	rootObject = D0976BEA221978B2009531DD /* Project object */;
}
